
Microsoft Visual Studio Solution File, Format Version 12.00
# Visual Studio Version 17
VisualStudioVersion = 17.9.34701.34
MinimumVisualStudioVersion = 10.0.40219.1
Project("{9A19103F-16F7-4668-BE54-9A1E7A4F7556}") = "AlgoPlay", "AlgoPlay\AlgoPlay.csproj", "{2DAE570D-CA92-4892-A7DF-DD78CF0ACA4C}"
EndProject
Project("{9A19103F-16F7-4668-BE54-9A1E7A4F7556}") = "AlgoPlay.Test", "AlgoPlay.Test\AlgoPlay.Test.csproj", "{151270FF-147D-44BA-B73D-67DF191BB651}"
EndProject
Global
	GlobalSection(SolutionConfigurationPlatforms) = preSolution
		Debug|Any CPU = Debug|Any CPU
		Release|Any CPU = Release|Any CPU
	EndGlobalSection
	GlobalSection(ProjectConfigurationPlatforms) = postSolution
		{2DAE570D-CA92-4892-A7DF-DD78CF0ACA4C}.Debug|Any CPU.ActiveCfg = Debug|Any CPU
		{2DAE570D-CA92-4892-A7DF-DD78CF0ACA4C}.Debug|Any CPU.Build.0 = Debug|Any CPU
		{2DAE570D-CA92-4892-A7DF-DD78CF0ACA4C}.Release|Any CPU.ActiveCfg = Release|Any CPU
		{2DAE570D-CA92-4892-A7DF-DD78CF0ACA4C}.Release|Any CPU.Build.0 = Release|Any CPU
		{151270FF-147D-44BA-B73D-67DF191BB651}.Debug|Any CPU.ActiveCfg = Debug|Any CPU
		{151270FF-147D-44BA-B73D-67DF191BB651}.Debug|Any CPU.Build.0 = Debug|Any CPU
		{151270FF-147D-44BA-B73D-67DF191BB651}.Release|Any CPU.ActiveCfg = Release|Any CPU
		{151270FF-147D-44BA-B73D-67DF191BB651}.Release|Any CPU.Build.0 = Release|Any CPU
	EndGlobalSection
	GlobalSection(SolutionProperties) = preSolution
		HideSolutionNode = FALSE
	EndGlobalSection
	GlobalSection(ExtensibilityGlobals) = postSolution
		SolutionGuid = {193A27EF-B731-4BB5-8871-772A8AB21D9F}
	EndGlobalSection
EndGlobal
